dependencies:
- name: redis
  repository: https://kubernetes-charts.storage.googleapis.com/
  version: 3.7.3
- name: mongodb
  repository: https://kubernetes-charts.storage.googleapis.com/
  version: 4.0.4
- name: rabbitmq
  repository: https://kubernetes-charts.storage.googleapis.com/
  version: 2.2.0
digest: sha256:d619afd1248d8c243c6e5b7a19ca019d2d2c0387a4e4d02d00bd8b92606a52e4
generated: "2020-04-09T12:32:46.535359-04:00"
