dependencies:
- name: redis
  repository: https://charts.bitnami.com/bitnami
  version: 10.7.11
- name: mongodb
  repository: https://charts.bitnami.com/bitnami
  version: 8.2.1
- name: postgresql
  repository: https://charts.bitnami.com/bitnami
  version: 9.1.1
- name: rabbitmq
  repository: https://charts.bitnami.com/bitnami
  version: 7.5.6
digest: sha256:27c8d9c1c98b25f206f478c037c8b95eb9ce9c961c9f6aad8a777f175477a7b6
generated: "2020-07-25T19:43:04.922900582Z"
