dependencies:
- name: redis
  repository: https://kubernetes-charts.storage.googleapis.com/
  version: 3.7.3
- name: mongodb
  repository: https://kubernetes-charts.storage.googleapis.com/
  version: 4.0.4
- name: nginx-ingress
  repository: https://kubernetes-charts.storage.googleapis.com/
  version: 0.25.1
digest: sha256:33a43a477a404b0600eaec24e87bb4c30a9f5dce2b4694484495cc30528faa52
generated: 2018-08-17T21:24:23.105022-04:00
