# This file is autogenerated, do not edit; changes may be undone by the next 'dep ensure'.


[[projects]]
  branch = "master"
  digest = "1:36fe9527deed01d2a317617e59304eb2c4ce9f8a24115bcc5c2e37b3aee5bae4"
  name = "github.com/gin-contrib/sse"
  packages = ["."]
  pruneopts = "UT"
  revision = "22d885f9ecc78bf4ee5d72b937e4bbcdc58e8cae"

[[projects]]
  digest = "1:489e108f21464371ebf9cb5c30b1eceb07c6dd772dff073919267493dd9d04ea"
  name = "github.com/gin-gonic/gin"
  packages = [
    ".",
    "binding",
    "render",
  ]
  pruneopts = "UT"
  revision = "d459835d2b077e44f7c9b453505ee29881d5d12d"
  version = "v1.2"

[[projects]]
  digest = "1:15042ad3498153684d09f393bbaec6b216c8eec6d61f63dff711de7d64ed8861"
  name = "github.com/golang/protobuf"
  packages = ["proto"]
  pruneopts = "UT"
  revision = "b4deda0973fb4c70b50d226b1af49f3da59f5265"
  version = "v1.1.0"

[[projects]]
  digest = "1:d4d17353dbd05cb52a2a52b7fe1771883b682806f68db442b436294926bbfafb"
  name = "github.com/mattn/go-isatty"
  packages = ["."]
  pruneopts = "UT"
  revision = "0360b2af4f38e8d38c7fce2a9f4e702702d73a39"
  version = "v0.0.3"

[[projects]]
  digest = "1:03aa6e485e528acb119fb32901cf99582c380225fc7d5a02758e08b180cb56c3"
  name = "github.com/ugorji/go"
  packages = ["codec"]
  pruneopts = "UT"
  revision = "b4c50a2b199d93b13dc15e78929cfb23bfdf21ab"
  version = "v1.1.1"

[[projects]]
  branch = "master"
  digest = "1:7e758f807faab4ca5614488e6397d2365f9a5767f6699a805bbe92a1d1a6da23"
  name = "golang.org/x/sys"
  packages = ["unix"]
  pruneopts = "UT"
  revision = "2be389f392cd91df245b41638f818a1c041f0c08"

[[projects]]
  digest = "1:cbc72c4c4886a918d6ab4b95e347ffe259846260f99ebdd8a198c2331cf2b2e9"
  name = "gopkg.in/go-playground/validator.v8"
  packages = ["."]
  pruneopts = "UT"
  revision = "5f1438d3fca68893a817e4a66806cea46a9e4ebf"
  version = "v8.18.2"

[[projects]]
  digest = "1:342378ac4dcb378a5448dd723f0784ae519383532f5e70ade24132c4c8693202"
  name = "gopkg.in/yaml.v2"
  packages = ["."]
  pruneopts = "UT"
  revision = "5420a8b6744d3b0345ab293f6fcba19c978f1183"
  version = "v2.2.1"

[solve-meta]
  analyzer-name = "dep"
  analyzer-version = 1
  input-imports = ["github.com/gin-gonic/gin"]
  solver-name = "gps-cdcl"
  solver-version = 1
